
Microsoft Visual Studio Solution File, Format Version 12.00
# Visual Studio Version 17
Project("{2150E333-8FDC-42A3-9474-1A3956D46DE8}") = "apps", "apps", "{8017D45D-6CCF-15AB-D5D6-EE06C1ADB09B}"
EndProject
Project("{8BC9CEB8-8B4A-11D0-8D11-00A0C91BC942}") = "Demo.2D.DirectX", "apps\Demo.2D.DirectX\Demo.2D.DirectX.vcxproj", "{6F9BBAF2-DB26-28B7-E437-ABAB504284B7}"
	ProjectSection(ProjectDependencies) = postProject
		{2EB4837C-1AEB-840D-C3D7-6A10AFED000F} = {2EB4837C-1AEB-840D-C3D7-6A10AFED000F}
		{DBC7D3B0-C769-FE86-B024-12DB9C6585D7} = {DBC7D3B0-C769-FE86-B024-12DB9C6585D7}
		{BC80A119-A84E-951F-91E2-05467D4F7184} = {BC80A119-A84E-951F-91E2-05467D4F7184}
		{5F488BD1-CBB2-3F48-14F1-F0ED809A1D9D} = {5F488BD1-CBB2-3F48-14F1-F0ED809A1D9D}
		{4045034A-AC5B-01E0-F5D2-8C016128D267} = {4045034A-AC5B-01E0-F5D2-8C016128D267}
		{83755900-6F01-880B-D8AF-880BC45A880B} = {83755900-6F01-880B-D8AF-880BC45A880B}
		{64562EA8-500E-70F5-B915-4951A5EC0AE6} = {64562EA8-500E-70F5-B915-4951A5EC0AE6}
	EndProjectSection
EndProject
Project("{8BC9CEB8-8B4A-11D0-8D11-00A0C91BC942}") = "Demo.3D.DirectX", "apps\Demo.3D.DirectX\Demo.3D.DirectX.vcxproj", "{902CC5F6-FCB7-32BB-05C9-B5AF71D38EBB}"
	ProjectSection(ProjectDependencies) = postProject
		{2EB4837C-1AEB-840D-C3D7-6A10AFED000F} = {2EB4837C-1AEB-840D-C3D7-6A10AFED000F}
		{DBC7D3B0-C769-FE86-B024-12DB9C6585D7} = {DBC7D3B0-C769-FE86-B024-12DB9C6585D7}
		{BC80A119-A84E-951F-91E2-05467D4F7184} = {BC80A119-A84E-951F-91E2-05467D4F7184}
		{80488BD1-ECB2-3F48-35F1-F0EDA19A1D9D} = {80488BD1-ECB2-3F48-35F1-F0EDA19A1D9D}
		{61D60D4E-CDEC-0BE4-1664-970582B9DC6B} = {61D60D4E-CDEC-0BE4-1664-970582B9DC6B}
		{83755900-6F01-880B-D8AF-880BC45A880B} = {83755900-6F01-880B-D8AF-880BC45A880B}
		{64562EA8-500E-70F5-B915-4951A5EC0AE6} = {64562EA8-500E-70F5-B915-4951A5EC0AE6}
	EndProjectSection
EndProject
Project("{8BC9CEB8-8B4A-11D0-8D11-00A0C91BC942}") = "Demo.3D.OpenGL", "apps\Demo.3D.OpenGL\Demo.3D.OpenGL.vcxproj", "{42F1540A-2EBF-4810-1753-B93603C02475}"
	ProjectSection(ProjectDependencies) = postProject
		{2EB4837C-1AEB-840D-C3D7-6A10AFED000F} = {2EB4837C-1AEB-840D-C3D7-6A10AFED000F}
		{DBC7D3B0-C769-FE86-B024-12DB9C6585D7} = {DBC7D3B0-C769-FE86-B024-12DB9C6585D7}
		{EE6FA103-5A30-1D3A-236B-66B78FEA6116} = {EE6FA103-5A30-1D3A-236B-66B78FEA6116}
	EndProjectSection
EndProject
Project("{8BC9CEB8-8B4A-11D0-8D11-00A0C91BC942}") = "Demo.UI", "apps\Demo.UI\Demo.UI.vcxproj", "{16E4C269-82C3-4105-8BDB-CCDBF739A866}"
	ProjectSection(ProjectDependencies) = postProject
		{2EB4837C-1AEB-840D-C3D7-6A10AFED000F} = {2EB4837C-1AEB-840D-C3D7-6A10AFED000F}
		{BC80A119-A84E-951F-91E2-05467D4F7184} = {BC80A119-A84E-951F-91E2-05467D4F7184}
		{83755900-6F01-880B-D8AF-880BC45A880B} = {83755900-6F01-880B-D8AF-880BC45A880B}
		{64562EA8-500E-70F5-B915-4951A5EC0AE6} = {64562EA8-500E-70F5-B915-4951A5EC0AE6}
		{DBC7D3B0-C769-FE86-B024-12DB9C6585D7} = {DBC7D3B0-C769-FE86-B024-12DB9C6585D7}
	EndProjectSection
EndProject
Project("{8BC9CEB8-8B4A-11D0-8D11-00A0C91BC942}") = "Editor", "apps\Editor\Editor.vcxproj", "{8C1A20B0-78BC-4A86-6177-5EDA4DB8D1D6}"
	ProjectSection(ProjectDependencies) = postProject
		{2EB4837C-1AEB-840D-C3D7-6A10AFED000F} = {2EB4837C-1AEB-840D-C3D7-6A10AFED000F}
		{BC80A119-A84E-951F-91E2-05467D4F7184} = {BC80A119-A84E-951F-91E2-05467D4F7184}
		{83755900-6F01-880B-D8AF-880BC45A880B} = {83755900-6F01-880B-D8AF-880BC45A880B}
		{DBC7D3B0-C769-FE86-B024-12DB9C6585D7} = {DBC7D3B0-C769-FE86-B024-12DB9C6585D7}
	EndProjectSection
EndProject
Project("{8BC9CEB8-8B4A-11D0-8D11-00A0C91BC942}") = "Messenger", "apps\Messenger\Messenger.vcxproj", "{EECF8FD9-5A3A-4450-A378-F5F50F2222A5}"
	ProjectSection(ProjectDependencies) = postProject
		{2EB4837C-1AEB-840D-C3D7-6A10AFED000F} = {2EB4837C-1AEB-840D-C3D7-6A10AFED000F}
		{DBC7D3B0-C769-FE86-B024-12DB9C6585D7} = {DBC7D3B0-C769-FE86-B024-12DB9C6585D7}
		{BC80A119-A84E-951F-91E2-05467D4F7184} = {BC80A119-A84E-951F-91E2-05467D4F7184}
		{83755900-6F01-880B-D8AF-880BC45A880B} = {83755900-6F01-880B-D8AF-880BC45A880B}
		{64562EA8-500E-70F5-B915-4951A5EC0AE6} = {64562EA8-500E-70F5-B915-4951A5EC0AE6}
	EndProjectSection
EndProject
Project("{8BC9CEB8-8B4A-11D0-8D11-00A0C91BC942}") = "Preview", "apps\Preview\Preview.vcxproj", "{27DD4423-93BC-C3BE-9CD4-4E9508332A20}"
	ProjectSection(ProjectDependencies) = postProject
		{2EB4837C-1AEB-840D-C3D7-6A10AFED000F} = {2EB4837C-1AEB-840D-C3D7-6A10AFED000F}
		{DBC7D3B0-C769-FE86-B024-12DB9C6585D7} = {DBC7D3B0-C769-FE86-B024-12DB9C6585D7}
		{BC80A119-A84E-951F-91E2-05467D4F7184} = {BC80A119-A84E-951F-91E2-05467D4F7184}
		{83755900-6F01-880B-D8AF-880BC45A880B} = {83755900-6F01-880B-D8AF-880BC45A880B}
		{64562EA8-500E-70F5-B915-4951A5EC0AE6} = {64562EA8-500E-70F5-B915-4951A5EC0AE6}
	EndProjectSection
EndProject
Project("{2150E333-8FDC-42A3-9474-1A3956D46DE8}") = "engine", "engine", "{A25D632C-8EC0-F2D0-3746-2B872388BE53}"
EndProject
Project("{8BC9CEB8-8B4A-11D0-8D11-00A0C91BC942}") = "Core", "engine\Core\Core.vcxproj", "{2EB4837C-1AEB-840D-C3D7-6A10AFED000F}"
EndProject
Project("{8BC9CEB8-8B4A-11D0-8D11-00A0C91BC942}") = "Engine", "engine\Engine\Engine.vcxproj", "{DBC7D3B0-C769-FE86-B024-12DB9C6585D7}"
	ProjectSection(ProjectDependencies) = postProject
		{2EB4837C-1AEB-840D-C3D7-6A10AFED000F} = {2EB4837C-1AEB-840D-C3D7-6A10AFED000F}
	EndProjectSection
EndProject
Project("{8BC9CEB8-8B4A-11D0-8D11-00A0C91BC942}") = "Engine.2D", "engine\Engine.2D\Engine.2D.vcxproj", "{5F488BD1-CBB2-3F48-14F1-F0ED809A1D9D}"
	ProjectSection(ProjectDependencies) = postProject
		{2EB4837C-1AEB-840D-C3D7-6A10AFED000F} = {2EB4837C-1AEB-840D-C3D7-6A10AFED000F}
		{DBC7D3B0-C769-FE86-B024-12DB9C6585D7} = {DBC7D3B0-C769-FE86-B024-12DB9C6585D7}
	EndProjectSection
EndProject
Project("{8BC9CEB8-8B4A-11D0-8D11-00A0C91BC942}") = "Engine.2D.DirectX", "engine\Engine.2D.DirectX\Engine.2D.DirectX.vcxproj", "{4045034A-AC5B-01E0-F5D2-8C016128D267}"
	ProjectSection(ProjectDependencies) = postProject
		{2EB4837C-1AEB-840D-C3D7-6A10AFED000F} = {2EB4837C-1AEB-840D-C3D7-6A10AFED000F}
		{DBC7D3B0-C769-FE86-B024-12DB9C6585D7} = {DBC7D3B0-C769-FE86-B024-12DB9C6585D7}
		{BC80A119-A84E-951F-91E2-05467D4F7184} = {BC80A119-A84E-951F-91E2-05467D4F7184}
		{5F488BD1-CBB2-3F48-14F1-F0ED809A1D9D} = {5F488BD1-CBB2-3F48-14F1-F0ED809A1D9D}
	EndProjectSection
EndProject
Project("{8BC9CEB8-8B4A-11D0-8D11-00A0C91BC942}") = "Engine.3D", "engine\Engine.3D\Engine.3D.vcxproj", "{80488BD1-ECB2-3F48-35F1-F0EDA19A1D9D}"
	ProjectSection(ProjectDependencies) = postProject
		{2EB4837C-1AEB-840D-C3D7-6A10AFED000F} = {2EB4837C-1AEB-840D-C3D7-6A10AFED000F}
		{DBC7D3B0-C769-FE86-B024-12DB9C6585D7} = {DBC7D3B0-C769-FE86-B024-12DB9C6585D7}
	EndProjectSection
EndProject
Project("{8BC9CEB8-8B4A-11D0-8D11-00A0C91BC942}") = "Engine.3D.DirectX", "engine\Engine.3D.DirectX\Engine.3D.DirectX.vcxproj", "{61D60D4E-CDEC-0BE4-1664-970582B9DC6B}"
	ProjectSection(ProjectDependencies) = postProject
		{2EB4837C-1AEB-840D-C3D7-6A10AFED000F} = {2EB4837C-1AEB-840D-C3D7-6A10AFED000F}
		{DBC7D3B0-C769-FE86-B024-12DB9C6585D7} = {DBC7D3B0-C769-FE86-B024-12DB9C6585D7}
		{BC80A119-A84E-951F-91E2-05467D4F7184} = {BC80A119-A84E-951F-91E2-05467D4F7184}
		{80488BD1-ECB2-3F48-35F1-F0EDA19A1D9D} = {80488BD1-ECB2-3F48-35F1-F0EDA19A1D9D}
	EndProjectSection
EndProject
Project("{8BC9CEB8-8B4A-11D0-8D11-00A0C91BC942}") = "Engine.DirectX", "engine\Engine.DirectX\Engine.DirectX.vcxproj", "{BC80A119-A84E-951F-91E2-05467D4F7184}"
	ProjectSection(ProjectDependencies) = postProject
		{2EB4837C-1AEB-840D-C3D7-6A10AFED000F} = {2EB4837C-1AEB-840D-C3D7-6A10AFED000F}
		{DBC7D3B0-C769-FE86-B024-12DB9C6585D7} = {DBC7D3B0-C769-FE86-B024-12DB9C6585D7}
	EndProjectSection
EndProject
Project("{8BC9CEB8-8B4A-11D0-8D11-00A0C91BC942}") = "Engine.OpenGL", "engine\Engine.OpenGL\Engine.OpenGL.vcxproj", "{EE6FA103-5A30-1D3A-236B-66B78FEA6116}"
	ProjectSection(ProjectDependencies) = postProject
		{DBC7D3B0-C769-FE86-B024-12DB9C6585D7} = {DBC7D3B0-C769-FE86-B024-12DB9C6585D7}
		{2EB4837C-1AEB-840D-C3D7-6A10AFED000F} = {2EB4837C-1AEB-840D-C3D7-6A10AFED000F}
	EndProjectSection
EndProject
Project("{8BC9CEB8-8B4A-11D0-8D11-00A0C91BC942}") = "UI", "engine\UI\UI.vcxproj", "{83755900-6F01-880B-D8AF-880BC45A880B}"
	ProjectSection(ProjectDependencies) = postProject
		{2EB4837C-1AEB-840D-C3D7-6A10AFED000F} = {2EB4837C-1AEB-840D-C3D7-6A10AFED000F}
		{DBC7D3B0-C769-FE86-B024-12DB9C6585D7} = {DBC7D3B0-C769-FE86-B024-12DB9C6585D7}
	EndProjectSection
EndProject
Project("{8BC9CEB8-8B4A-11D0-8D11-00A0C91BC942}") = "UI.DirectX", "engine\UI.DirectX\UI.DirectX.vcxproj", "{64562EA8-500E-70F5-B915-4951A5EC0AE6}"
	ProjectSection(ProjectDependencies) = postProject
		{2EB4837C-1AEB-840D-C3D7-6A10AFED000F} = {2EB4837C-1AEB-840D-C3D7-6A10AFED000F}
		{DBC7D3B0-C769-FE86-B024-12DB9C6585D7} = {DBC7D3B0-C769-FE86-B024-12DB9C6585D7}
		{BC80A119-A84E-951F-91E2-05467D4F7184} = {BC80A119-A84E-951F-91E2-05467D4F7184}
		{83755900-6F01-880B-D8AF-880BC45A880B} = {83755900-6F01-880B-D8AF-880BC45A880B}
	EndProjectSection
EndProject
Project("{8BC9CEB8-8B4A-11D0-8D11-00A0C91BC942}") = "UI.OpenGL", "engine\UI.OpenGL\UI.OpenGL.vcxproj", "{96309693-029B-4A0A-4BD9-FBAFB782285F}"
	ProjectSection(ProjectDependencies) = postProject
		{2EB4837C-1AEB-840D-C3D7-6A10AFED000F} = {2EB4837C-1AEB-840D-C3D7-6A10AFED000F}
		{DBC7D3B0-C769-FE86-B024-12DB9C6585D7} = {DBC7D3B0-C769-FE86-B024-12DB9C6585D7}
		{EE6FA103-5A30-1D3A-236B-66B78FEA6116} = {EE6FA103-5A30-1D3A-236B-66B78FEA6116}
		{83755900-6F01-880B-D8AF-880BC45A880B} = {83755900-6F01-880B-D8AF-880BC45A880B}
	EndProjectSection
EndProject
Project("{2150E333-8FDC-42A3-9474-1A3956D46DE8}") = "samples", "samples", "{E1B59BD0-4D76-1707-16B1-608482305CE3}"
EndProject
Project("{8BC9CEB8-8B4A-11D0-8D11-00A0C91BC942}") = "Samples.UI.OpenGL", "samples\UI.OpenGL\Samples.UI.OpenGL.vcxproj", "{99F1A635-0508-A5CB-4E7F-30EDBAD47553}"
	ProjectSection(ProjectDependencies) = postProject
		{2EB4837C-1AEB-840D-C3D7-6A10AFED000F} = {2EB4837C-1AEB-840D-C3D7-6A10AFED000F}
		{DBC7D3B0-C769-FE86-B024-12DB9C6585D7} = {DBC7D3B0-C769-FE86-B024-12DB9C6585D7}
		{EE6FA103-5A30-1D3A-236B-66B78FEA6116} = {EE6FA103-5A30-1D3A-236B-66B78FEA6116}
		{83755900-6F01-880B-D8AF-880BC45A880B} = {83755900-6F01-880B-D8AF-880BC45A880B}
		{96309693-029B-4A0A-4BD9-FBAFB782285F} = {96309693-029B-4A0A-4BD9-FBAFB782285F}
	EndProjectSection
EndProject
Project("{8BC9CEB8-8B4A-11D0-8D11-00A0C91BC942}") = "Samples.UI.Text", "samples\UI.Text\Samples.UI.Text.vcxproj", "{39386512-A5C3-D2D6-AED4-55CB1ADF2ED7}"
	ProjectSection(ProjectDependencies) = postProject
		{2EB4837C-1AEB-840D-C3D7-6A10AFED000F} = {2EB4837C-1AEB-840D-C3D7-6A10AFED000F}
		{83755900-6F01-880B-D8AF-880BC45A880B} = {83755900-6F01-880B-D8AF-880BC45A880B}
		{64562EA8-500E-70F5-B915-4951A5EC0AE6} = {64562EA8-500E-70F5-B915-4951A5EC0AE6}
		{DBC7D3B0-C769-FE86-B024-12DB9C6585D7} = {DBC7D3B0-C769-FE86-B024-12DB9C6585D7}
	EndProjectSection
EndProject
Project("{2150E333-8FDC-42A3-9474-1A3956D46DE8}") = "tests", "tests", "{3FDEA819-AB93-210F-3488-1BE6A03C1813}"
EndProject
Project("{8BC9CEB8-8B4A-11D0-8D11-00A0C91BC942}") = "PerformanceTest", "tests\PerformanceTest\PerformanceTest.vcxproj", "{B7F2B498-237E-225D-2C8F-A55198997E5D}"
	ProjectSection(ProjectDependencies) = postProject
		{2EB4837C-1AEB-840D-C3D7-6A10AFED000F} = {2EB4837C-1AEB-840D-C3D7-6A10AFED000F}
		{83755900-6F01-880B-D8AF-880BC45A880B} = {83755900-6F01-880B-D8AF-880BC45A880B}
		{DBC7D3B0-C769-FE86-B024-12DB9C6585D7} = {DBC7D3B0-C769-FE86-B024-12DB9C6585D7}
	EndProjectSection
EndProject
Project("{8BC9CEB8-8B4A-11D0-8D11-00A0C91BC942}") = "UnitTest.Core", "tests\UnitTest.Core\UnitTest.Core.vcxproj", "{DC87206D-4848-9CA3-1183-E5207D02E17F}"
	ProjectSection(ProjectDependencies) = postProject
		{2EB4837C-1AEB-840D-C3D7-6A10AFED000F} = {2EB4837C-1AEB-840D-C3D7-6A10AFED000F}
		{64D57912-50A3-6D18-3937-DE3E25A4497D} = {64D57912-50A3-6D18-3937-DE3E25A4497D}
	EndProjectSection
EndProject
Project("{8BC9CEB8-8B4A-11D0-8D11-00A0C91BC942}") = "UnitTest.Engine", "tests\UnitTest.Engine\UnitTest.Engine.vcxproj", "{093FF43B-75CA-6100-7EDB-E4F4EAE5BD00}"
	ProjectSection(ProjectDependencies) = postProject
		{2EB4837C-1AEB-840D-C3D7-6A10AFED000F} = {2EB4837C-1AEB-840D-C3D7-6A10AFED000F}
		{DBC7D3B0-C769-FE86-B024-12DB9C6585D7} = {DBC7D3B0-C769-FE86-B024-12DB9C6585D7}
		{5F488BD1-CBB2-3F48-14F1-F0ED809A1D9D} = {5F488BD1-CBB2-3F48-14F1-F0ED809A1D9D}
		{BC80A119-A84E-951F-91E2-05467D4F7184} = {BC80A119-A84E-951F-91E2-05467D4F7184}
		{EE6FA103-5A30-1D3A-236B-66B78FEA6116} = {EE6FA103-5A30-1D3A-236B-66B78FEA6116}
		{64D57912-50A3-6D18-3937-DE3E25A4497D} = {64D57912-50A3-6D18-3937-DE3E25A4497D}
	EndProjectSection
EndProject
Project("{8BC9CEB8-8B4A-11D0-8D11-00A0C91BC942}") = "UnitTest.UI", "tests\UnitTest.UI\UnitTest.UI.vcxproj", "{B185B1FA-1D3B-2AF0-A62F-24C712E420F4}"
	ProjectSection(ProjectDependencies) = postProject
		{2EB4837C-1AEB-840D-C3D7-6A10AFED000F} = {2EB4837C-1AEB-840D-C3D7-6A10AFED000F}
		{83755900-6F01-880B-D8AF-880BC45A880B} = {83755900-6F01-880B-D8AF-880BC45A880B}
		{DBC7D3B0-C769-FE86-B024-12DB9C6585D7} = {DBC7D3B0-C769-FE86-B024-12DB9C6585D7}
		{64D57912-50A3-6D18-3937-DE3E25A4497D} = {64D57912-50A3-6D18-3937-DE3E25A4497D}
	EndProjectSection
EndProject
Project("{8BC9CEB8-8B4A-11D0-8D11-00A0C91BC942}") = "UnitTest.Utils", "tests\UnitTest.Utils\UnitTest.Utils.vcxproj", "{64D57912-50A3-6D18-3937-DE3E25A4497D}"
	ProjectSection(ProjectDependencies) = postProject
		{2EB4837C-1AEB-840D-C3D7-6A10AFED000F} = {2EB4837C-1AEB-840D-C3D7-6A10AFED000F}
	EndProjectSection
EndProject
Project("{2150E333-8FDC-42A3-9474-1A3956D46DE8}") = "tools", "tools", "{FD47AE19-69FD-260F-F2F1-20E65EA61D13}"
EndProject
Project("{FAE04EC0-301F-11D3-BF4B-00C04F79EFBC}") = "BindingGenerator", "tools\BindingGenerator\BindingGenerator.csproj", "{A7E04CE0-93D9-6B32-BC0B-51B7A8634B3E}"
EndProject
Project("{8BC9CEB8-8B4A-11D0-8D11-00A0C91BC942}") = "ShaderCompiler", "tools\ShaderCompiler\ShaderCompiler.vcxproj", "{37C9FAD8-2397-EEDE-0C2B-5F05F897CA43}"
	ProjectSection(ProjectDependencies) = postProject
		{2EB4837C-1AEB-840D-C3D7-6A10AFED000F} = {2EB4837C-1AEB-840D-C3D7-6A10AFED000F}
		{BC80A119-A84E-951F-91E2-05467D4F7184} = {BC80A119-A84E-951F-91E2-05467D4F7184}
		{DBC7D3B0-C769-FE86-B024-12DB9C6585D7} = {DBC7D3B0-C769-FE86-B024-12DB9C6585D7}
	EndProjectSection
EndProject
Project("{8BC9CEB8-8B4A-11D0-8D11-00A0C91BC942}") = "SystemInfo", "tools\SystemInfo\SystemInfo.vcxproj", "{96DE598A-8296-9BD7-EB9D-7433D77436C8}"
	ProjectSection(ProjectDependencies) = postProject
		{2EB4837C-1AEB-840D-C3D7-6A10AFED000F} = {2EB4837C-1AEB-840D-C3D7-6A10AFED000F}
		{BC80A119-A84E-951F-91E2-05467D4F7184} = {BC80A119-A84E-951F-91E2-05467D4F7184}
		{DBC7D3B0-C769-FE86-B024-12DB9C6585D7} = {DBC7D3B0-C769-FE86-B024-12DB9C6585D7}
	EndProjectSection
EndProject
Global
	GlobalSection(SolutionConfigurationPlatforms) = preSolution
		Debug|Win64 = Debug|Win64
		Release|Win64 = Release|Win64
	EndGlobalSection
	GlobalSection(ProjectConfigurationPlatforms) = postSolution
		{6F9BBAF2-DB26-28B7-E437-ABAB504284B7}.Debug|Win64.ActiveCfg = Debug Win64|x64
		{6F9BBAF2-DB26-28B7-E437-ABAB504284B7}.Debug|Win64.Build.0 = Debug Win64|x64
		{6F9BBAF2-DB26-28B7-E437-ABAB504284B7}.Release|Win64.ActiveCfg = Release Win64|x64
		{6F9BBAF2-DB26-28B7-E437-ABAB504284B7}.Release|Win64.Build.0 = Release Win64|x64
		{902CC5F6-FCB7-32BB-05C9-B5AF71D38EBB}.Debug|Win64.ActiveCfg = Debug Win64|x64
		{902CC5F6-FCB7-32BB-05C9-B5AF71D38EBB}.Debug|Win64.Build.0 = Debug Win64|x64
		{902CC5F6-FCB7-32BB-05C9-B5AF71D38EBB}.Release|Win64.ActiveCfg = Release Win64|x64
		{902CC5F6-FCB7-32BB-05C9-B5AF71D38EBB}.Release|Win64.Build.0 = Release Win64|x64
		{42F1540A-2EBF-4810-1753-B93603C02475}.Debug|Win64.ActiveCfg = Debug Win64|x64
		{42F1540A-2EBF-4810-1753-B93603C02475}.Debug|Win64.Build.0 = Debug Win64|x64
		{42F1540A-2EBF-4810-1753-B93603C02475}.Release|Win64.ActiveCfg = Release Win64|x64
		{42F1540A-2EBF-4810-1753-B93603C02475}.Release|Win64.Build.0 = Release Win64|x64
		{16E4C269-82C3-4105-8BDB-CCDBF739A866}.Debug|Win64.ActiveCfg = Debug Win64|x64
		{16E4C269-82C3-4105-8BDB-CCDBF739A866}.Debug|Win64.Build.0 = Debug Win64|x64
		{16E4C269-82C3-4105-8BDB-CCDBF739A866}.Release|Win64.ActiveCfg = Release Win64|x64
		{16E4C269-82C3-4105-8BDB-CCDBF739A866}.Release|Win64.Build.0 = Release Win64|x64
		{8C1A20B0-78BC-4A86-6177-5EDA4DB8D1D6}.Debug|Win64.ActiveCfg = Debug Win64|x64
		{8C1A20B0-78BC-4A86-6177-5EDA4DB8D1D6}.Debug|Win64.Build.0 = Debug Win64|x64
		{8C1A20B0-78BC-4A86-6177-5EDA4DB8D1D6}.Release|Win64.ActiveCfg = Release Win64|x64
		{8C1A20B0-78BC-4A86-6177-5EDA4DB8D1D6}.Release|Win64.Build.0 = Release Win64|x64
		{EECF8FD9-5A3A-4450-A378-F5F50F2222A5}.Debug|Win64.ActiveCfg = Debug Win64|x64
		{EECF8FD9-5A3A-4450-A378-F5F50F2222A5}.Debug|Win64.Build.0 = Debug Win64|x64
		{EECF8FD9-5A3A-4450-A378-F5F50F2222A5}.Release|Win64.ActiveCfg = Release Win64|x64
		{EECF8FD9-5A3A-4450-A378-F5F50F2222A5}.Release|Win64.Build.0 = Release Win64|x64
		{27DD4423-93BC-C3BE-9CD4-4E9508332A20}.Debug|Win64.ActiveCfg = Debug Win64|x64
		{27DD4423-93BC-C3BE-9CD4-4E9508332A20}.Debug|Win64.Build.0 = Debug Win64|x64
		{27DD4423-93BC-C3BE-9CD4-4E9508332A20}.Release|Win64.ActiveCfg = Release Win64|x64
		{27DD4423-93BC-C3BE-9CD4-4E9508332A20}.Release|Win64.Build.0 = Release Win64|x64
		{2EB4837C-1AEB-840D-C3D7-6A10AFED000F}.Debug|Win64.ActiveCfg = Debug Win64|x64
		{2EB4837C-1AEB-840D-C3D7-6A10AFED000F}.Debug|Win64.Build.0 = Debug Win64|x64
		{2EB4837C-1AEB-840D-C3D7-6A10AFED000F}.Release|Win64.ActiveCfg = Release Win64|x64
		{2EB4837C-1AEB-840D-C3D7-6A10AFED000F}.Release|Win64.Build.0 = Release Win64|x64
		{DBC7D3B0-C769-FE86-B024-12DB9C6585D7}.Debug|Win64.ActiveCfg = Debug Win64|x64
		{DBC7D3B0-C769-FE86-B024-12DB9C6585D7}.Debug|Win64.Build.0 = Debug Win64|x64
		{DBC7D3B0-C769-FE86-B024-12DB9C6585D7}.Release|Win64.ActiveCfg = Release Win64|x64
		{DBC7D3B0-C769-FE86-B024-12DB9C6585D7}.Release|Win64.Build.0 = Release Win64|x64
		{5F488BD1-CBB2-3F48-14F1-F0ED809A1D9D}.Debug|Win64.ActiveCfg = Debug Win64|x64
		{5F488BD1-CBB2-3F48-14F1-F0ED809A1D9D}.Debug|Win64.Build.0 = Debug Win64|x64
		{5F488BD1-CBB2-3F48-14F1-F0ED809A1D9D}.Release|Win64.ActiveCfg = Release Win64|x64
		{5F488BD1-CBB2-3F48-14F1-F0ED809A1D9D}.Release|Win64.Build.0 = Release Win64|x64
		{4045034A-AC5B-01E0-F5D2-8C016128D267}.Debug|Win64.ActiveCfg = Debug Win64|x64
		{4045034A-AC5B-01E0-F5D2-8C016128D267}.Debug|Win64.Build.0 = Debug Win64|x64
		{4045034A-AC5B-01E0-F5D2-8C016128D267}.Release|Win64.ActiveCfg = Release Win64|x64
		{4045034A-AC5B-01E0-F5D2-8C016128D267}.Release|Win64.Build.0 = Release Win64|x64
		{80488BD1-ECB2-3F48-35F1-F0EDA19A1D9D}.Debug|Win64.ActiveCfg = Debug Win64|x64
		{80488BD1-ECB2-3F48-35F1-F0EDA19A1D9D}.Debug|Win64.Build.0 = Debug Win64|x64
		{80488BD1-ECB2-3F48-35F1-F0EDA19A1D9D}.Release|Win64.ActiveCfg = Release Win64|x64
		{80488BD1-ECB2-3F48-35F1-F0EDA19A1D9D}.Release|Win64.Build.0 = Release Win64|x64
		{61D60D4E-CDEC-0BE4-1664-970582B9DC6B}.Debug|Win64.ActiveCfg = Debug Win64|x64
		{61D60D4E-CDEC-0BE4-1664-970582B9DC6B}.Debug|Win64.Build.0 = Debug Win64|x64
		{61D60D4E-CDEC-0BE4-1664-970582B9DC6B}.Release|Win64.ActiveCfg = Release Win64|x64
		{61D60D4E-CDEC-0BE4-1664-970582B9DC6B}.Release|Win64.Build.0 = Release Win64|x64
		{BC80A119-A84E-951F-91E2-05467D4F7184}.Debug|Win64.ActiveCfg = Debug Win64|x64
		{BC80A119-A84E-951F-91E2-05467D4F7184}.Debug|Win64.Build.0 = Debug Win64|x64
		{BC80A119-A84E-951F-91E2-05467D4F7184}.Release|Win64.ActiveCfg = Release Win64|x64
		{BC80A119-A84E-951F-91E2-05467D4F7184}.Release|Win64.Build.0 = Release Win64|x64
		{EE6FA103-5A30-1D3A-236B-66B78FEA6116}.Debug|Win64.ActiveCfg = Debug Win64|x64
		{EE6FA103-5A30-1D3A-236B-66B78FEA6116}.Debug|Win64.Build.0 = Debug Win64|x64
		{EE6FA103-5A30-1D3A-236B-66B78FEA6116}.Release|Win64.ActiveCfg = Release Win64|x64
		{EE6FA103-5A30-1D3A-236B-66B78FEA6116}.Release|Win64.Build.0 = Release Win64|x64
		{83755900-6F01-880B-D8AF-880BC45A880B}.Debug|Win64.ActiveCfg = Debug Win64|x64
		{83755900-6F01-880B-D8AF-880BC45A880B}.Debug|Win64.Build.0 = Debug Win64|x64
		{83755900-6F01-880B-D8AF-880BC45A880B}.Release|Win64.ActiveCfg = Release Win64|x64
		{83755900-6F01-880B-D8AF-880BC45A880B}.Release|Win64.Build.0 = Release Win64|x64
		{64562EA8-500E-70F5-B915-4951A5EC0AE6}.Debug|Win64.ActiveCfg = Debug Win64|x64
		{64562EA8-500E-70F5-B915-4951A5EC0AE6}.Debug|Win64.Build.0 = Debug Win64|x64
		{64562EA8-500E-70F5-B915-4951A5EC0AE6}.Release|Win64.ActiveCfg = Release Win64|x64
		{64562EA8-500E-70F5-B915-4951A5EC0AE6}.Release|Win64.Build.0 = Release Win64|x64
		{96309693-029B-4A0A-4BD9-FBAFB782285F}.Debug|Win64.ActiveCfg = Debug Win64|x64
		{96309693-029B-4A0A-4BD9-FBAFB782285F}.Debug|Win64.Build.0 = Debug Win64|x64
		{96309693-029B-4A0A-4BD9-FBAFB782285F}.Release|Win64.ActiveCfg = Release Win64|x64
		{96309693-029B-4A0A-4BD9-FBAFB782285F}.Release|Win64.Build.0 = Release Win64|x64
		{99F1A635-0508-A5CB-4E7F-30EDBAD47553}.Debug|Win64.ActiveCfg = Debug Win64|x64
		{99F1A635-0508-A5CB-4E7F-30EDBAD47553}.Debug|Win64.Build.0 = Debug Win64|x64
		{99F1A635-0508-A5CB-4E7F-30EDBAD47553}.Release|Win64.ActiveCfg = Release Win64|x64
		{99F1A635-0508-A5CB-4E7F-30EDBAD47553}.Release|Win64.Build.0 = Release Win64|x64
		{39386512-A5C3-D2D6-AED4-55CB1ADF2ED7}.Debug|Win64.ActiveCfg = Debug Win64|x64
		{39386512-A5C3-D2D6-AED4-55CB1ADF2ED7}.Debug|Win64.Build.0 = Debug Win64|x64
		{39386512-A5C3-D2D6-AED4-55CB1ADF2ED7}.Release|Win64.ActiveCfg = Release Win64|x64
		{39386512-A5C3-D2D6-AED4-55CB1ADF2ED7}.Release|Win64.Build.0 = Release Win64|x64
		{B7F2B498-237E-225D-2C8F-A55198997E5D}.Debug|Win64.ActiveCfg = Debug Win64|x64
		{B7F2B498-237E-225D-2C8F-A55198997E5D}.Debug|Win64.Build.0 = Debug Win64|x64
		{B7F2B498-237E-225D-2C8F-A55198997E5D}.Release|Win64.ActiveCfg = Release Win64|x64
		{B7F2B498-237E-225D-2C8F-A55198997E5D}.Release|Win64.Build.0 = Release Win64|x64
		{DC87206D-4848-9CA3-1183-E5207D02E17F}.Debug|Win64.ActiveCfg = Debug Win64|x64
		{DC87206D-4848-9CA3-1183-E5207D02E17F}.Debug|Win64.Build.0 = Debug Win64|x64
		{DC87206D-4848-9CA3-1183-E5207D02E17F}.Release|Win64.ActiveCfg = Release Win64|x64
		{DC87206D-4848-9CA3-1183-E5207D02E17F}.Release|Win64.Build.0 = Release Win64|x64
		{093FF43B-75CA-6100-7EDB-E4F4EAE5BD00}.Debug|Win64.ActiveCfg = Debug Win64|x64
		{093FF43B-75CA-6100-7EDB-E4F4EAE5BD00}.Debug|Win64.Build.0 = Debug Win64|x64
		{093FF43B-75CA-6100-7EDB-E4F4EAE5BD00}.Release|Win64.ActiveCfg = Release Win64|x64
		{093FF43B-75CA-6100-7EDB-E4F4EAE5BD00}.Release|Win64.Build.0 = Release Win64|x64
		{B185B1FA-1D3B-2AF0-A62F-24C712E420F4}.Debug|Win64.ActiveCfg = Debug Win64|x64
		{B185B1FA-1D3B-2AF0-A62F-24C712E420F4}.Debug|Win64.Build.0 = Debug Win64|x64
		{B185B1FA-1D3B-2AF0-A62F-24C712E420F4}.Release|Win64.ActiveCfg = Release Win64|x64
		{B185B1FA-1D3B-2AF0-A62F-24C712E420F4}.Release|Win64.Build.0 = Release Win64|x64
		{64D57912-50A3-6D18-3937-DE3E25A4497D}.Debug|Win64.ActiveCfg = Debug Win64|x64
		{64D57912-50A3-6D18-3937-DE3E25A4497D}.Debug|Win64.Build.0 = Debug Win64|x64
		{64D57912-50A3-6D18-3937-DE3E25A4497D}.Release|Win64.ActiveCfg = Release Win64|x64
		{64D57912-50A3-6D18-3937-DE3E25A4497D}.Release|Win64.Build.0 = Release Win64|x64
		{A7E04CE0-93D9-6B32-BC0B-51B7A8634B3E}.Debug|Win64.ActiveCfg = Debug Win64|x64
		{A7E04CE0-93D9-6B32-BC0B-51B7A8634B3E}.Debug|Win64.Build.0 = Debug Win64|x64
		{A7E04CE0-93D9-6B32-BC0B-51B7A8634B3E}.Release|Win64.ActiveCfg = Release Win64|x64
		{A7E04CE0-93D9-6B32-BC0B-51B7A8634B3E}.Release|Win64.Build.0 = Release Win64|x64
		{37C9FAD8-2397-EEDE-0C2B-5F05F897CA43}.Debug|Win64.ActiveCfg = Debug Win64|x64
		{37C9FAD8-2397-EEDE-0C2B-5F05F897CA43}.Debug|Win64.Build.0 = Debug Win64|x64
		{37C9FAD8-2397-EEDE-0C2B-5F05F897CA43}.Release|Win64.ActiveCfg = Release Win64|x64
		{37C9FAD8-2397-EEDE-0C2B-5F05F897CA43}.Release|Win64.Build.0 = Release Win64|x64
		{96DE598A-8296-9BD7-EB9D-7433D77436C8}.Debug|Win64.ActiveCfg = Debug Win64|x64
		{96DE598A-8296-9BD7-EB9D-7433D77436C8}.Debug|Win64.Build.0 = Debug Win64|x64
		{96DE598A-8296-9BD7-EB9D-7433D77436C8}.Release|Win64.ActiveCfg = Release Win64|x64
		{96DE598A-8296-9BD7-EB9D-7433D77436C8}.Release|Win64.Build.0 = Release Win64|x64
	EndGlobalSection
	GlobalSection(SolutionProperties) = preSolution
		HideSolutionNode = FALSE
	EndGlobalSection
	GlobalSection(NestedProjects) = preSolution
		{6F9BBAF2-DB26-28B7-E437-ABAB504284B7} = {8017D45D-6CCF-15AB-D5D6-EE06C1ADB09B}
		{902CC5F6-FCB7-32BB-05C9-B5AF71D38EBB} = {8017D45D-6CCF-15AB-D5D6-EE06C1ADB09B}
		{42F1540A-2EBF-4810-1753-B93603C02475} = {8017D45D-6CCF-15AB-D5D6-EE06C1ADB09B}
		{16E4C269-82C3-4105-8BDB-CCDBF739A866} = {8017D45D-6CCF-15AB-D5D6-EE06C1ADB09B}
		{8C1A20B0-78BC-4A86-6177-5EDA4DB8D1D6} = {8017D45D-6CCF-15AB-D5D6-EE06C1ADB09B}
		{EECF8FD9-5A3A-4450-A378-F5F50F2222A5} = {8017D45D-6CCF-15AB-D5D6-EE06C1ADB09B}
		{27DD4423-93BC-C3BE-9CD4-4E9508332A20} = {8017D45D-6CCF-15AB-D5D6-EE06C1ADB09B}
		{2EB4837C-1AEB-840D-C3D7-6A10AFED000F} = {A25D632C-8EC0-F2D0-3746-2B872388BE53}
		{DBC7D3B0-C769-FE86-B024-12DB9C6585D7} = {A25D632C-8EC0-F2D0-3746-2B872388BE53}
		{5F488BD1-CBB2-3F48-14F1-F0ED809A1D9D} = {A25D632C-8EC0-F2D0-3746-2B872388BE53}
		{4045034A-AC5B-01E0-F5D2-8C016128D267} = {A25D632C-8EC0-F2D0-3746-2B872388BE53}
		{80488BD1-ECB2-3F48-35F1-F0EDA19A1D9D} = {A25D632C-8EC0-F2D0-3746-2B872388BE53}
		{61D60D4E-CDEC-0BE4-1664-970582B9DC6B} = {A25D632C-8EC0-F2D0-3746-2B872388BE53}
		{BC80A119-A84E-951F-91E2-05467D4F7184} = {A25D632C-8EC0-F2D0-3746-2B872388BE53}
		{EE6FA103-5A30-1D3A-236B-66B78FEA6116} = {A25D632C-8EC0-F2D0-3746-2B872388BE53}
		{83755900-6F01-880B-D8AF-880BC45A880B} = {A25D632C-8EC0-F2D0-3746-2B872388BE53}
		{64562EA8-500E-70F5-B915-4951A5EC0AE6} = {A25D632C-8EC0-F2D0-3746-2B872388BE53}
		{96309693-029B-4A0A-4BD9-FBAFB782285F} = {A25D632C-8EC0-F2D0-3746-2B872388BE53}
		{99F1A635-0508-A5CB-4E7F-30EDBAD47553} = {E1B59BD0-4D76-1707-16B1-608482305CE3}
		{39386512-A5C3-D2D6-AED4-55CB1ADF2ED7} = {E1B59BD0-4D76-1707-16B1-608482305CE3}
		{B7F2B498-237E-225D-2C8F-A55198997E5D} = {3FDEA819-AB93-210F-3488-1BE6A03C1813}
		{DC87206D-4848-9CA3-1183-E5207D02E17F} = {3FDEA819-AB93-210F-3488-1BE6A03C1813}
		{093FF43B-75CA-6100-7EDB-E4F4EAE5BD00} = {3FDEA819-AB93-210F-3488-1BE6A03C1813}
		{B185B1FA-1D3B-2AF0-A62F-24C712E420F4} = {3FDEA819-AB93-210F-3488-1BE6A03C1813}
		{64D57912-50A3-6D18-3937-DE3E25A4497D} = {3FDEA819-AB93-210F-3488-1BE6A03C1813}
		{A7E04CE0-93D9-6B32-BC0B-51B7A8634B3E} = {FD47AE19-69FD-260F-F2F1-20E65EA61D13}
		{37C9FAD8-2397-EEDE-0C2B-5F05F897CA43} = {FD47AE19-69FD-260F-F2F1-20E65EA61D13}
		{96DE598A-8296-9BD7-EB9D-7433D77436C8} = {FD47AE19-69FD-260F-F2F1-20E65EA61D13}
	EndGlobalSection
EndGlobal
