
Microsoft Visual Studio Solution File, Format Version 12.00
# Visual Studio Version 17
Project("{2150E333-8FDC-42A3-9474-1A3956D46DE8}") = "apps", "apps", "{8017D45D-6CCF-15AB-D5D6-EE06C1ADB09B}"
EndProject
Project("{8BC9CEB8-8B4A-11D0-8D11-00A0C91BC942}") = "Demo.UI", "apps\Demo.UI\Demo.UI.vcxproj", "{16E4C269-82C3-4105-8BDB-CCDBF739A866}"
	ProjectSection(ProjectDependencies) = postProject
		{92F48861-FEA9-0157-879E-FB2DF352F85A} = {92F48861-FEA9-0157-879E-FB2DF352F85A}
		{7374B757-DFD5-9465-6843-DB17D4A3CB24} = {7374B757-DFD5-9465-6843-DB17D4A3CB24}
		{E74C8BD1-53B7-3F48-9CF5-F0ED089F1D9D} = {E74C8BD1-53B7-3F48-9CF5-F0ED089F1D9D}
		{26864DDA-126A-0E30-7BCA-088367CDF8B1} = {26864DDA-126A-0E30-7BCA-088367CDF8B1}
		{DBC7D3B0-C769-FE86-B024-12DB9C6585D7} = {DBC7D3B0-C769-FE86-B024-12DB9C6585D7}
	EndProjectSection
EndProject
Project("{8BC9CEB8-8B4A-11D0-8D11-00A0C91BC942}") = "Editor", "apps\Editor\Editor.vcxproj", "{8C1A20B0-78BC-4A86-6177-5EDA4DB8D1D6}"
	ProjectSection(ProjectDependencies) = postProject
		{92F48861-FEA9-0157-879E-FB2DF352F85A} = {92F48861-FEA9-0157-879E-FB2DF352F85A}
		{7374B757-DFD5-9465-6843-DB17D4A3CB24} = {7374B757-DFD5-9465-6843-DB17D4A3CB24}
		{E74C8BD1-53B7-3F48-9CF5-F0ED089F1D9D} = {E74C8BD1-53B7-3F48-9CF5-F0ED089F1D9D}
		{26864DDA-126A-0E30-7BCA-088367CDF8B1} = {26864DDA-126A-0E30-7BCA-088367CDF8B1}
		{DBC7D3B0-C769-FE86-B024-12DB9C6585D7} = {DBC7D3B0-C769-FE86-B024-12DB9C6585D7}
	EndProjectSection
EndProject
Project("{8BC9CEB8-8B4A-11D0-8D11-00A0C91BC942}") = "Messenger", "apps\Messenger\Messenger.vcxproj", "{EECF8FD9-5A3A-4450-A378-F5F50F2222A5}"
	ProjectSection(ProjectDependencies) = postProject
		{92F48861-FEA9-0157-879E-FB2DF352F85A} = {92F48861-FEA9-0157-879E-FB2DF352F85A}
		{7374B757-DFD5-9465-6843-DB17D4A3CB24} = {7374B757-DFD5-9465-6843-DB17D4A3CB24}
		{E74C8BD1-53B7-3F48-9CF5-F0ED089F1D9D} = {E74C8BD1-53B7-3F48-9CF5-F0ED089F1D9D}
		{26864DDA-126A-0E30-7BCA-088367CDF8B1} = {26864DDA-126A-0E30-7BCA-088367CDF8B1}
		{DBC7D3B0-C769-FE86-B024-12DB9C6585D7} = {DBC7D3B0-C769-FE86-B024-12DB9C6585D7}
	EndProjectSection
EndProject
Project("{8BC9CEB8-8B4A-11D0-8D11-00A0C91BC942}") = "Preview", "apps\Preview\Preview.vcxproj", "{27DD4423-93BC-C3BE-9CD4-4E9508332A20}"
	ProjectSection(ProjectDependencies) = postProject
		{92F48861-FEA9-0157-879E-FB2DF352F85A} = {92F48861-FEA9-0157-879E-FB2DF352F85A}
		{7374B757-DFD5-9465-6843-DB17D4A3CB24} = {7374B757-DFD5-9465-6843-DB17D4A3CB24}
		{E74C8BD1-53B7-3F48-9CF5-F0ED089F1D9D} = {E74C8BD1-53B7-3F48-9CF5-F0ED089F1D9D}
		{26864DDA-126A-0E30-7BCA-088367CDF8B1} = {26864DDA-126A-0E30-7BCA-088367CDF8B1}
		{DBC7D3B0-C769-FE86-B024-12DB9C6585D7} = {DBC7D3B0-C769-FE86-B024-12DB9C6585D7}
	EndProjectSection
EndProject
Project("{2150E333-8FDC-42A3-9474-1A3956D46DE8}") = "engine", "engine", "{A25D632C-8EC0-F2D0-3746-2B872388BE53}"
EndProject
Project("{8BC9CEB8-8B4A-11D0-8D11-00A0C91BC942}") = "Engine", "engine\Engine\Engine.vcxproj", "{DBC7D3B0-C769-FE86-B024-12DB9C6585D7}"
	ProjectSection(ProjectDependencies) = postProject
		{92F48861-FEA9-0157-879E-FB2DF352F85A} = {92F48861-FEA9-0157-879E-FB2DF352F85A}
		{7374B757-DFD5-9465-6843-DB17D4A3CB24} = {7374B757-DFD5-9465-6843-DB17D4A3CB24}
		{E74C8BD1-53B7-3F48-9CF5-F0ED089F1D9D} = {E74C8BD1-53B7-3F48-9CF5-F0ED089F1D9D}
		{26864DDA-126A-0E30-7BCA-088367CDF8B1} = {26864DDA-126A-0E30-7BCA-088367CDF8B1}
	EndProjectSection
EndProject
Project("{8BC9CEB8-8B4A-11D0-8D11-00A0C91BC942}") = "Engine.Core", "engine\Engine.Core\Engine.Core.vcxproj", "{92F48861-FEA9-0157-879E-FB2DF352F85A}"
EndProject
Project("{8BC9CEB8-8B4A-11D0-8D11-00A0C91BC942}") = "Engine.Core.DirectX", "engine\Engine.Core.DirectX\Engine.Core.DirectX.vcxproj", "{7374B757-DFD5-9465-6843-DB17D4A3CB24}"
	ProjectSection(ProjectDependencies) = postProject
		{92F48861-FEA9-0157-879E-FB2DF352F85A} = {92F48861-FEA9-0157-879E-FB2DF352F85A}
	EndProjectSection
EndProject
Project("{8BC9CEB8-8B4A-11D0-8D11-00A0C91BC942}") = "Engine.UI", "engine\Engine.UI\Engine.UI.vcxproj", "{E74C8BD1-53B7-3F48-9CF5-F0ED089F1D9D}"
	ProjectSection(ProjectDependencies) = postProject
		{92F48861-FEA9-0157-879E-FB2DF352F85A} = {92F48861-FEA9-0157-879E-FB2DF352F85A}
	EndProjectSection
EndProject
Project("{8BC9CEB8-8B4A-11D0-8D11-00A0C91BC942}") = "Engine.UI.Direct2D", "engine\Engine.UI.Direct2D\Engine.UI.Direct2D.vcxproj", "{26864DDA-126A-0E30-7BCA-088367CDF8B1}"
	ProjectSection(ProjectDependencies) = postProject
		{92F48861-FEA9-0157-879E-FB2DF352F85A} = {92F48861-FEA9-0157-879E-FB2DF352F85A}
		{E74C8BD1-53B7-3F48-9CF5-F0ED089F1D9D} = {E74C8BD1-53B7-3F48-9CF5-F0ED089F1D9D}
	EndProjectSection
EndProject
Project("{8BC9CEB8-8B4A-11D0-8D11-00A0C91BC942}") = "Engine.UI.GDI", "engine\Engine.UI.GDI\Engine.UI.GDI.vcxproj", "{E9D8BF0E-5599-3B45-1ED4-84C28A538021}"
	ProjectSection(ProjectDependencies) = postProject
		{92F48861-FEA9-0157-879E-FB2DF352F85A} = {92F48861-FEA9-0157-879E-FB2DF352F85A}
		{E74C8BD1-53B7-3F48-9CF5-F0ED089F1D9D} = {E74C8BD1-53B7-3F48-9CF5-F0ED089F1D9D}
	EndProjectSection
EndProject
Project("{8BC9CEB8-8B4A-11D0-8D11-00A0C91BC942}") = "PerformanceTest.UI", "engine\PerformanceTest.UI\PerformanceTest.UI.vcxproj", "{43DA4CD1-2FBE-0D27-981E-087A8421F8A8}"
	ProjectSection(ProjectDependencies) = postProject
		{92F48861-FEA9-0157-879E-FB2DF352F85A} = {92F48861-FEA9-0157-879E-FB2DF352F85A}
		{E74C8BD1-53B7-3F48-9CF5-F0ED089F1D9D} = {E74C8BD1-53B7-3F48-9CF5-F0ED089F1D9D}
	EndProjectSection
EndProject
Project("{8BC9CEB8-8B4A-11D0-8D11-00A0C91BC942}") = "UnitTest", "engine\UnitTest\UnitTest.vcxproj", "{E5A465FE-D171-C009-FA8A-AEB1E6B6F597}"
EndProject
Project("{8BC9CEB8-8B4A-11D0-8D11-00A0C91BC942}") = "UnitTest.Core", "engine\UnitTest.Core\UnitTest.Core.vcxproj", "{DC87206D-4848-9CA3-1183-E5207D02E17F}"
	ProjectSection(ProjectDependencies) = postProject
		{92F48861-FEA9-0157-879E-FB2DF352F85A} = {92F48861-FEA9-0157-879E-FB2DF352F85A}
	EndProjectSection
EndProject
Project("{8BC9CEB8-8B4A-11D0-8D11-00A0C91BC942}") = "UnitTest.UI", "engine\UnitTest.UI\UnitTest.UI.vcxproj", "{B185B1FA-1D3B-2AF0-A62F-24C712E420F4}"
	ProjectSection(ProjectDependencies) = postProject
		{92F48861-FEA9-0157-879E-FB2DF352F85A} = {92F48861-FEA9-0157-879E-FB2DF352F85A}
		{E74C8BD1-53B7-3F48-9CF5-F0ED089F1D9D} = {E74C8BD1-53B7-3F48-9CF5-F0ED089F1D9D}
		{DC87206D-4848-9CA3-1183-E5207D02E17F} = {DC87206D-4848-9CA3-1183-E5207D02E17F}
	EndProjectSection
EndProject
Project("{2150E333-8FDC-42A3-9474-1A3956D46DE8}") = "samples", "samples", "{E1B59BD0-4D76-1707-16B1-608482305CE3}"
EndProject
Project("{8BC9CEB8-8B4A-11D0-8D11-00A0C91BC942}") = "UI.Direct2D", "samples\UI.Direct2D\UI.Direct2D.vcxproj", "{421EF9AD-AED3-71A3-37C8-6B7AA37C68A7}"
	ProjectSection(ProjectDependencies) = postProject
		{92F48861-FEA9-0157-879E-FB2DF352F85A} = {92F48861-FEA9-0157-879E-FB2DF352F85A}
		{E74C8BD1-53B7-3F48-9CF5-F0ED089F1D9D} = {E74C8BD1-53B7-3F48-9CF5-F0ED089F1D9D}
		{26864DDA-126A-0E30-7BCA-088367CDF8B1} = {26864DDA-126A-0E30-7BCA-088367CDF8B1}
	EndProjectSection
EndProject
Project("{8BC9CEB8-8B4A-11D0-8D11-00A0C91BC942}") = "UI.GDI", "samples\UI.GDI\UI.GDI.vcxproj", "{85EF68D3-7191-93A9-5A4C-A7FD468D1AFA}"
	ProjectSection(ProjectDependencies) = postProject
		{92F48861-FEA9-0157-879E-FB2DF352F85A} = {92F48861-FEA9-0157-879E-FB2DF352F85A}
		{E74C8BD1-53B7-3F48-9CF5-F0ED089F1D9D} = {E74C8BD1-53B7-3F48-9CF5-F0ED089F1D9D}
		{E9D8BF0E-5599-3B45-1ED4-84C28A538021} = {E9D8BF0E-5599-3B45-1ED4-84C28A538021}
	EndProjectSection
EndProject
Project("{8BC9CEB8-8B4A-11D0-8D11-00A0C91BC942}") = "UI.Text", "samples\UI.Text\UI.Text.vcxproj", "{F6938E40-6273-0DDC-6B8B-98B2D7E9733D}"
	ProjectSection(ProjectDependencies) = postProject
		{92F48861-FEA9-0157-879E-FB2DF352F85A} = {92F48861-FEA9-0157-879E-FB2DF352F85A}
		{E74C8BD1-53B7-3F48-9CF5-F0ED089F1D9D} = {E74C8BD1-53B7-3F48-9CF5-F0ED089F1D9D}
		{26864DDA-126A-0E30-7BCA-088367CDF8B1} = {26864DDA-126A-0E30-7BCA-088367CDF8B1}
		{DBC7D3B0-C769-FE86-B024-12DB9C6585D7} = {DBC7D3B0-C769-FE86-B024-12DB9C6585D7}
	EndProjectSection
EndProject
Project("{2150E333-8FDC-42A3-9474-1A3956D46DE8}") = "tools", "tools", "{FD47AE19-69FD-260F-F2F1-20E65EA61D13}"
EndProject
Project("{8BC9CEB8-8B4A-11D0-8D11-00A0C91BC942}") = "SystemInfo", "tools\SystemInfo\SystemInfo.vcxproj", "{96DE598A-8296-9BD7-EB9D-7433D77436C8}"
	ProjectSection(ProjectDependencies) = postProject
		{92F48861-FEA9-0157-879E-FB2DF352F85A} = {92F48861-FEA9-0157-879E-FB2DF352F85A}
		{E74C8BD1-53B7-3F48-9CF5-F0ED089F1D9D} = {E74C8BD1-53B7-3F48-9CF5-F0ED089F1D9D}
		{26864DDA-126A-0E30-7BCA-088367CDF8B1} = {26864DDA-126A-0E30-7BCA-088367CDF8B1}
		{DBC7D3B0-C769-FE86-B024-12DB9C6585D7} = {DBC7D3B0-C769-FE86-B024-12DB9C6585D7}
	EndProjectSection
EndProject
Global
	GlobalSection(SolutionConfigurationPlatforms) = preSolution
		Debug|Win64 = Debug|Win64
		Release|Win64 = Release|Win64
	EndGlobalSection
	GlobalSection(ProjectConfigurationPlatforms) = postSolution
		{16E4C269-82C3-4105-8BDB-CCDBF739A866}.Debug|Win64.ActiveCfg = Debug Win64|x64
		{16E4C269-82C3-4105-8BDB-CCDBF739A866}.Debug|Win64.Build.0 = Debug Win64|x64
		{16E4C269-82C3-4105-8BDB-CCDBF739A866}.Release|Win64.ActiveCfg = Release Win64|x64
		{16E4C269-82C3-4105-8BDB-CCDBF739A866}.Release|Win64.Build.0 = Release Win64|x64
		{8C1A20B0-78BC-4A86-6177-5EDA4DB8D1D6}.Debug|Win64.ActiveCfg = Debug Win64|x64
		{8C1A20B0-78BC-4A86-6177-5EDA4DB8D1D6}.Debug|Win64.Build.0 = Debug Win64|x64
		{8C1A20B0-78BC-4A86-6177-5EDA4DB8D1D6}.Release|Win64.ActiveCfg = Release Win64|x64
		{8C1A20B0-78BC-4A86-6177-5EDA4DB8D1D6}.Release|Win64.Build.0 = Release Win64|x64
		{EECF8FD9-5A3A-4450-A378-F5F50F2222A5}.Debug|Win64.ActiveCfg = Debug Win64|x64
		{EECF8FD9-5A3A-4450-A378-F5F50F2222A5}.Debug|Win64.Build.0 = Debug Win64|x64
		{EECF8FD9-5A3A-4450-A378-F5F50F2222A5}.Release|Win64.ActiveCfg = Release Win64|x64
		{EECF8FD9-5A3A-4450-A378-F5F50F2222A5}.Release|Win64.Build.0 = Release Win64|x64
		{27DD4423-93BC-C3BE-9CD4-4E9508332A20}.Debug|Win64.ActiveCfg = Debug Win64|x64
		{27DD4423-93BC-C3BE-9CD4-4E9508332A20}.Debug|Win64.Build.0 = Debug Win64|x64
		{27DD4423-93BC-C3BE-9CD4-4E9508332A20}.Release|Win64.ActiveCfg = Release Win64|x64
		{27DD4423-93BC-C3BE-9CD4-4E9508332A20}.Release|Win64.Build.0 = Release Win64|x64
		{DBC7D3B0-C769-FE86-B024-12DB9C6585D7}.Debug|Win64.ActiveCfg = Debug Win64|x64
		{DBC7D3B0-C769-FE86-B024-12DB9C6585D7}.Debug|Win64.Build.0 = Debug Win64|x64
		{DBC7D3B0-C769-FE86-B024-12DB9C6585D7}.Release|Win64.ActiveCfg = Release Win64|x64
		{DBC7D3B0-C769-FE86-B024-12DB9C6585D7}.Release|Win64.Build.0 = Release Win64|x64
		{92F48861-FEA9-0157-879E-FB2DF352F85A}.Debug|Win64.ActiveCfg = Debug Win64|x64
		{92F48861-FEA9-0157-879E-FB2DF352F85A}.Debug|Win64.Build.0 = Debug Win64|x64
		{92F48861-FEA9-0157-879E-FB2DF352F85A}.Release|Win64.ActiveCfg = Release Win64|x64
		{92F48861-FEA9-0157-879E-FB2DF352F85A}.Release|Win64.Build.0 = Release Win64|x64
		{7374B757-DFD5-9465-6843-DB17D4A3CB24}.Debug|Win64.ActiveCfg = Debug Win64|x64
		{7374B757-DFD5-9465-6843-DB17D4A3CB24}.Debug|Win64.Build.0 = Debug Win64|x64
		{7374B757-DFD5-9465-6843-DB17D4A3CB24}.Release|Win64.ActiveCfg = Release Win64|x64
		{7374B757-DFD5-9465-6843-DB17D4A3CB24}.Release|Win64.Build.0 = Release Win64|x64
		{E74C8BD1-53B7-3F48-9CF5-F0ED089F1D9D}.Debug|Win64.ActiveCfg = Debug Win64|x64
		{E74C8BD1-53B7-3F48-9CF5-F0ED089F1D9D}.Debug|Win64.Build.0 = Debug Win64|x64
		{E74C8BD1-53B7-3F48-9CF5-F0ED089F1D9D}.Release|Win64.ActiveCfg = Release Win64|x64
		{E74C8BD1-53B7-3F48-9CF5-F0ED089F1D9D}.Release|Win64.Build.0 = Release Win64|x64
		{26864DDA-126A-0E30-7BCA-088367CDF8B1}.Debug|Win64.ActiveCfg = Debug Win64|x64
		{26864DDA-126A-0E30-7BCA-088367CDF8B1}.Debug|Win64.Build.0 = Debug Win64|x64
		{26864DDA-126A-0E30-7BCA-088367CDF8B1}.Release|Win64.ActiveCfg = Release Win64|x64
		{26864DDA-126A-0E30-7BCA-088367CDF8B1}.Release|Win64.Build.0 = Release Win64|x64
		{E9D8BF0E-5599-3B45-1ED4-84C28A538021}.Debug|Win64.ActiveCfg = Debug Win64|x64
		{E9D8BF0E-5599-3B45-1ED4-84C28A538021}.Debug|Win64.Build.0 = Debug Win64|x64
		{E9D8BF0E-5599-3B45-1ED4-84C28A538021}.Release|Win64.ActiveCfg = Release Win64|x64
		{E9D8BF0E-5599-3B45-1ED4-84C28A538021}.Release|Win64.Build.0 = Release Win64|x64
		{43DA4CD1-2FBE-0D27-981E-087A8421F8A8}.Debug|Win64.ActiveCfg = Debug Win64|x64
		{43DA4CD1-2FBE-0D27-981E-087A8421F8A8}.Debug|Win64.Build.0 = Debug Win64|x64
		{43DA4CD1-2FBE-0D27-981E-087A8421F8A8}.Release|Win64.ActiveCfg = Release Win64|x64
		{43DA4CD1-2FBE-0D27-981E-087A8421F8A8}.Release|Win64.Build.0 = Release Win64|x64
		{E5A465FE-D171-C009-FA8A-AEB1E6B6F597}.Debug|Win64.ActiveCfg = Debug Win64|x64
		{E5A465FE-D171-C009-FA8A-AEB1E6B6F597}.Debug|Win64.Build.0 = Debug Win64|x64
		{E5A465FE-D171-C009-FA8A-AEB1E6B6F597}.Release|Win64.ActiveCfg = Release Win64|x64
		{E5A465FE-D171-C009-FA8A-AEB1E6B6F597}.Release|Win64.Build.0 = Release Win64|x64
		{DC87206D-4848-9CA3-1183-E5207D02E17F}.Debug|Win64.ActiveCfg = Debug Win64|x64
		{DC87206D-4848-9CA3-1183-E5207D02E17F}.Debug|Win64.Build.0 = Debug Win64|x64
		{DC87206D-4848-9CA3-1183-E5207D02E17F}.Release|Win64.ActiveCfg = Release Win64|x64
		{DC87206D-4848-9CA3-1183-E5207D02E17F}.Release|Win64.Build.0 = Release Win64|x64
		{B185B1FA-1D3B-2AF0-A62F-24C712E420F4}.Debug|Win64.ActiveCfg = Debug Win64|x64
		{B185B1FA-1D3B-2AF0-A62F-24C712E420F4}.Debug|Win64.Build.0 = Debug Win64|x64
		{B185B1FA-1D3B-2AF0-A62F-24C712E420F4}.Release|Win64.ActiveCfg = Release Win64|x64
		{B185B1FA-1D3B-2AF0-A62F-24C712E420F4}.Release|Win64.Build.0 = Release Win64|x64
		{421EF9AD-AED3-71A3-37C8-6B7AA37C68A7}.Debug|Win64.ActiveCfg = Debug Win64|x64
		{421EF9AD-AED3-71A3-37C8-6B7AA37C68A7}.Debug|Win64.Build.0 = Debug Win64|x64
		{421EF9AD-AED3-71A3-37C8-6B7AA37C68A7}.Release|Win64.ActiveCfg = Release Win64|x64
		{421EF9AD-AED3-71A3-37C8-6B7AA37C68A7}.Release|Win64.Build.0 = Release Win64|x64
		{85EF68D3-7191-93A9-5A4C-A7FD468D1AFA}.Debug|Win64.ActiveCfg = Debug Win64|x64
		{85EF68D3-7191-93A9-5A4C-A7FD468D1AFA}.Debug|Win64.Build.0 = Debug Win64|x64
		{85EF68D3-7191-93A9-5A4C-A7FD468D1AFA}.Release|Win64.ActiveCfg = Release Win64|x64
		{85EF68D3-7191-93A9-5A4C-A7FD468D1AFA}.Release|Win64.Build.0 = Release Win64|x64
		{F6938E40-6273-0DDC-6B8B-98B2D7E9733D}.Debug|Win64.ActiveCfg = Debug Win64|x64
		{F6938E40-6273-0DDC-6B8B-98B2D7E9733D}.Debug|Win64.Build.0 = Debug Win64|x64
		{F6938E40-6273-0DDC-6B8B-98B2D7E9733D}.Release|Win64.ActiveCfg = Release Win64|x64
		{F6938E40-6273-0DDC-6B8B-98B2D7E9733D}.Release|Win64.Build.0 = Release Win64|x64
		{96DE598A-8296-9BD7-EB9D-7433D77436C8}.Debug|Win64.ActiveCfg = Debug Win64|x64
		{96DE598A-8296-9BD7-EB9D-7433D77436C8}.Debug|Win64.Build.0 = Debug Win64|x64
		{96DE598A-8296-9BD7-EB9D-7433D77436C8}.Release|Win64.ActiveCfg = Release Win64|x64
		{96DE598A-8296-9BD7-EB9D-7433D77436C8}.Release|Win64.Build.0 = Release Win64|x64
	EndGlobalSection
	GlobalSection(SolutionProperties) = preSolution
		HideSolutionNode = FALSE
	EndGlobalSection
	GlobalSection(NestedProjects) = preSolution
		{16E4C269-82C3-4105-8BDB-CCDBF739A866} = {8017D45D-6CCF-15AB-D5D6-EE06C1ADB09B}
		{8C1A20B0-78BC-4A86-6177-5EDA4DB8D1D6} = {8017D45D-6CCF-15AB-D5D6-EE06C1ADB09B}
		{EECF8FD9-5A3A-4450-A378-F5F50F2222A5} = {8017D45D-6CCF-15AB-D5D6-EE06C1ADB09B}
		{27DD4423-93BC-C3BE-9CD4-4E9508332A20} = {8017D45D-6CCF-15AB-D5D6-EE06C1ADB09B}
		{DBC7D3B0-C769-FE86-B024-12DB9C6585D7} = {A25D632C-8EC0-F2D0-3746-2B872388BE53}
		{92F48861-FEA9-0157-879E-FB2DF352F85A} = {A25D632C-8EC0-F2D0-3746-2B872388BE53}
		{7374B757-DFD5-9465-6843-DB17D4A3CB24} = {A25D632C-8EC0-F2D0-3746-2B872388BE53}
		{E74C8BD1-53B7-3F48-9CF5-F0ED089F1D9D} = {A25D632C-8EC0-F2D0-3746-2B872388BE53}
		{26864DDA-126A-0E30-7BCA-088367CDF8B1} = {A25D632C-8EC0-F2D0-3746-2B872388BE53}
		{E9D8BF0E-5599-3B45-1ED4-84C28A538021} = {A25D632C-8EC0-F2D0-3746-2B872388BE53}
		{43DA4CD1-2FBE-0D27-981E-087A8421F8A8} = {A25D632C-8EC0-F2D0-3746-2B872388BE53}
		{E5A465FE-D171-C009-FA8A-AEB1E6B6F597} = {A25D632C-8EC0-F2D0-3746-2B872388BE53}
		{DC87206D-4848-9CA3-1183-E5207D02E17F} = {A25D632C-8EC0-F2D0-3746-2B872388BE53}
		{B185B1FA-1D3B-2AF0-A62F-24C712E420F4} = {A25D632C-8EC0-F2D0-3746-2B872388BE53}
		{421EF9AD-AED3-71A3-37C8-6B7AA37C68A7} = {E1B59BD0-4D76-1707-16B1-608482305CE3}
		{85EF68D3-7191-93A9-5A4C-A7FD468D1AFA} = {E1B59BD0-4D76-1707-16B1-608482305CE3}
		{F6938E40-6273-0DDC-6B8B-98B2D7E9733D} = {E1B59BD0-4D76-1707-16B1-608482305CE3}
		{96DE598A-8296-9BD7-EB9D-7433D77436C8} = {FD47AE19-69FD-260F-F2F1-20E65EA61D13}
	EndGlobalSection
EndGlobal
